// !$*UTF8*$!
{
	archiveVersion = 1;
	classes = {
	};
	objectVersion = 55;
	objects = {

/* Begin PBXBuildFile section */
		DE08D53C27F0D1CC00F1E012 /* LZ77.swift in Sources */ = {isa = PBXBuildFile; fileRef = DE08D53B27F0D1CC00F1E012 /* LZ77.swift */; };
		DE2C1A0D28F97A1200202F48 /* text sample.txt in Resources */ = {isa = PBXBuildFile; fileRef = DE2C1A0628F97A1200202F48 /* text sample.txt */; };
		DE2C1A0E28F97A1200202F48 /* text sample2.txt in Resources */ = {isa = PBXBuildFile; fileRef = DE2C1A0728F97A1200202F48 /* text sample2.txt */; };
		DE2C1A0F28F97A1200202F48 /* original.txt in Resources */ = {isa = PBXBuildFile; fileRef = DE2C1A0828F97A1200202F48 /* original.txt */; };
		DE2C1A1028F97A1200202F48 /* lz77Compressed.txt in Resources */ = {isa = PBXBuildFile; fileRef = DE2C1A0928F97A1200202F48 /* lz77Compressed.txt */; };
		DE2C1A1128F97A1200202F48 /* lzssCompressed.txt in Resources */ = {isa = PBXBuildFile; fileRef = DE2C1A0A28F97A1200202F48 /* lzssCompressed.txt */; };
		DE2C1A1228F97A1200202F48 /* lz78Compressed.txt in Resources */ = {isa = PBXBuildFile; fileRef = DE2C1A0B28F97A1200202F48 /* lz78Compressed.txt */; };
		DE2C1A1328F97A1200202F48 /* 2e.txt in Resources */ = {isa = PBXBuildFile; fileRef = DE2C1A0C28F97A1200202F48 /* 2e.txt */; };
		DE78F37727F7D637008569BF /* LZSS.swift in Sources */ = {isa = PBXBuildFile; fileRef = DE78F37627F7D637008569BF /* LZSS.swift */; };
		DE8397DB27EDF0E60064E2DF /* LZ78.swift in Sources */ = {isa = PBXBuildFile; fileRef = DE8397DA27EDF0E60064E2DF /* LZ78.swift */; };
		DE8397DD27EDF2550064E2DF /* Convert.swift in Sources */ = {isa = PBXBuildFile; fileRef = DE8397DC27EDF2550064E2DF /* Convert.swift */; };
		DEABB9A427DEB56F00C8A053 /* AppDelegate.swift in Sources */ = {isa = PBXBuildFile; fileRef = DEABB9A327DEB56F00C8A053 /* AppDelegate.swift */; };
		DEABB9A627DEB56F00C8A053 /* ViewController.swift in Sources */ = {isa = PBXBuildFile; fileRef = DEABB9A527DEB56F00C8A053 /* ViewController.swift */; };
		DEABB9A827DEB57000C8A053 /* Assets.xcassets in Resources */ = {isa = PBXBuildFile; fileRef = DEABB9A727DEB57000C8A053 /* Assets.xcassets */; };
		DEABB9AB27DEB57000C8A053 /* Main.storyboard in Resources */ = {isa = PBXBuildFile; fileRef = DEABB9A927DEB57000C8A053 /* Main.storyboard */; };
/* End PBXBuildFile section */

/* Begin PBXFileReference section */
		DE08D53B27F0D1CC00F1E012 /* LZ77.swift */ = {isa = PBXFileReference; lastKnownFileType = sourcecode.swift; path = LZ77.swift; sourceTree = "<group>"; };
		DE2C1A0628F97A1200202F48 /* text sample.txt */ = {isa = PBXFileReference; fileEncoding = 4; lastKnownFileType = text; path = "text sample.txt"; sourceTree = "<group>"; };
		DE2C1A0728F97A1200202F48 /* text sample2.txt */ = {isa = PBXFileReference; fileEncoding = 4; lastKnownFileType = text; path = "text sample2.txt"; sourceTree = "<group>"; };
		DE2C1A0828F97A1200202F48 /* original.txt */ = {isa = PBXFileReference; fileEncoding = 4; lastKnownFileType = text; path = original.txt; sourceTree = "<group>"; };
		DE2C1A0928F97A1200202F48 /* lz77Compressed.txt */ = {isa = PBXFileReference; fileEncoding = 4; lastKnownFileType = text; path = lz77Compressed.txt; sourceTree = "<group>"; };
		DE2C1A0A28F97A1200202F48 /* lzssCompressed.txt */ = {isa = PBXFileReference; fileEncoding = 4; lastKnownFileType = text; path = lzssCompressed.txt; sourceTree = "<group>"; };
		DE2C1A0B28F97A1200202F48 /* lz78Compressed.txt */ = {isa = PBXFileReference; fileEncoding = 4; lastKnownFileType = text; path = lz78Compressed.txt; sourceTree = "<group>"; };
		DE2C1A0C28F97A1200202F48 /* 2e.txt */ = {isa = PBXFileReference; fileEncoding = 4; lastKnownFileType = text; path = 2e.txt; sourceTree = "<group>"; };
		DE78F37627F7D637008569BF /* LZSS.swift */ = {isa = PBXFileReference; lastKnownFileType = sourcecode.swift; path = LZSS.swift; sourceTree = "<group>"; };
		DE8397DA27EDF0E60064E2DF /* LZ78.swift */ = {isa = PBXFileReference; lastKnownFileType = sourcecode.swift; path = LZ78.swift; sourceTree = "<group>"; };
		DE8397DC27EDF2550064E2DF /* Convert.swift */ = {isa = PBXFileReference; lastKnownFileType = sourcecode.swift; path = Convert.swift; sourceTree = "<group>"; };
		DEABB9A027DEB56F00C8A053 /* LR1.app */ = {isa = PBXFileReference; explicitFileType = wrapper.application; includeInIndex = 0; path = LR1.app; sourceTree = BUILT_PRODUCTS_DIR; };
		DEABB9A327DEB56F00C8A053 /* AppDelegate.swift */ = {isa = PBXFileReference; lastKnownFileType = sourcecode.swift; path = AppDelegate.swift; sourceTree = "<group>"; };
		DEABB9A527DEB56F00C8A053 /* ViewController.swift */ = {isa = PBXFileReference; lastKnownFileType = sourcecode.swift; path = ViewController.swift; sourceTree = "<group>"; };
		DEABB9A727DEB57000C8A053 /* Assets.xcassets */ = {isa = PBXFileReference; lastKnownFileType = folder.assetcatalog; path = Assets.xcassets; sourceTree = "<group>"; };
		DEABB9AA27DEB57000C8A053 /* Base */ = {isa = PBXFileReference; lastKnownFileType = file.storyboard; name = Base; path = Base.lproj/Main.storyboard; sourceTree = "<group>"; };
		DEABB9AC27DEB57000C8A053 /* LR1.entitlements */ = {isa = PBXFileReference; lastKnownFileType = text.plist.entitlements; path = LR1.entitlements; sourceTree = "<group>"; };
/* End PBXFileReference section */

/* Begin PBXFrameworksBuildPhase section */
		DEABB99D27DEB56F00C8A053 /* Frameworks */ = {
			isa = PBXFrameworksBuildPhase;
			buildActionMask = 2147483647;
			files = (
			);
			runOnlyForDeploymentPostprocessing = 0;
		};
/* End PBXFrameworksBuildPhase section */

/* Begin PBXGroup section */
		DE2C1A0528F97A1200202F48 /* Files */ = {
			isa = PBXGroup;
			children = (
				DE2C1A0628F97A1200202F48 /* text sample.txt */,
				DE2C1A0728F97A1200202F48 /* text sample2.txt */,
				DE2C1A0828F97A1200202F48 /* original.txt */,
				DE2C1A0928F97A1200202F48 /* lz77Compressed.txt */,
				DE2C1A0A28F97A1200202F48 /* lzssCompressed.txt */,
				DE2C1A0B28F97A1200202F48 /* lz78Compressed.txt */,
				DE2C1A0C28F97A1200202F48 /* 2e.txt */,
			);
			path = Files;
			sourceTree = SOURCE_ROOT;
		};
		DEABB99727DEB56F00C8A053 = {
			isa = PBXGroup;
			children = (
				DEABB9A227DEB56F00C8A053 /* LR1 */,
				DEABB9A127DEB56F00C8A053 /* Products */,
			);
			sourceTree = "<group>";
		};
		DEABB9A127DEB56F00C8A053 /* Products */ = {
			isa = PBXGroup;
			children = (
				DEABB9A027DEB56F00C8A053 /* LR1.app */,
			);
			name = Products;
			sourceTree = "<group>";
		};
		DEABB9A227DEB56F00C8A053 /* LR1 */ = {
			isa = PBXGroup;
			children = (
				DE2C1A0528F97A1200202F48 /* Files */,
				DEBD49762865FEEB006766CD /* Additional */,
				DEE68ACE27ECF5ED00BA6A55 /* CompressMethods */,
				DEABB9A327DEB56F00C8A053 /* AppDelegate.swift */,
				DEABB9A527DEB56F00C8A053 /* ViewController.swift */,
				DEABB9A727DEB57000C8A053 /* Assets.xcassets */,
				DEABB9A927DEB57000C8A053 /* Main.storyboard */,
				DEABB9AC27DEB57000C8A053 /* LR1.entitlements */,
			);
			path = LR1;
			sourceTree = "<group>";
		};
		DEBD49762865FEEB006766CD /* Additional */ = {
			isa = PBXGroup;
			children = (
				DE8397DC27EDF2550064E2DF /* Convert.swift */,
			);
			path = Additional;
			sourceTree = "<group>";
		};
		DEE68ACE27ECF5ED00BA6A55 /* CompressMethods */ = {
			isa = PBXGroup;
			children = (
				DE08D53B27F0D1CC00F1E012 /* LZ77.swift */,
				DE78F37627F7D637008569BF /* LZSS.swift */,
				DE8397DA27EDF0E60064E2DF /* LZ78.swift */,
			);
			path = CompressMethods;
			sourceTree = "<group>";
		};
/* End PBXGroup section */

/* Begin PBXNativeTarget section */
		DEABB99F27DEB56F00C8A053 /* LR1 */ = {
			isa = PBXNativeTarget;
			buildConfigurationList = DEABB9AF27DEB57000C8A053 /* Build configuration list for PBXNativeTarget "LR1" */;
			buildPhases = (
				DEABB99C27DEB56F00C8A053 /* Sources */,
				DEABB99D27DEB56F00C8A053 /* Frameworks */,
				DEABB99E27DEB56F00C8A053 /* Resources */,
			);
			buildRules = (
			);
			dependencies = (
			);
			name = LR1;
			productName = LR1;
			productReference = DEABB9A027DEB56F00C8A053 /* LR1.app */;
			productType = "com.apple.product-type.application";
		};
/* End PBXNativeTarget section */

/* Begin PBXProject section */
		DEABB99827DEB56F00C8A053 /* Project object */ = {
			isa = PBXProject;
			attributes = {
				BuildIndependentTargetsInParallel = 1;
				LastSwiftUpdateCheck = 1320;
				LastUpgradeCheck = 1340;
				TargetAttributes = {
					DEABB99F27DEB56F00C8A053 = {
						CreatedOnToolsVersion = 13.2.1;
					};
				};
			};
			buildConfigurationList = DEABB99B27DEB56F00C8A053 /* Build configuration list for PBXProject "LR1" */;
			compatibilityVersion = "Xcode 13.0";
			developmentRegion = en;
			hasScannedForEncodings = 0;
			knownRegions = (
				en,
				Base,
			);
			mainGroup = DEABB99727DEB56F00C8A053;
			productRefGroup = DEABB9A127DEB56F00C8A053 /* Products */;
			projectDirPath = "";
			projectRoot = "";
			targets = (
				DEABB99F27DEB56F00C8A053 /* LR1 */,
			);
		};
/* End PBXProject section */

/* Begin PBXResourcesBuildPhase section */
		DEABB99E27DEB56F00C8A053 /* Resources */ = {
			isa = PBXResourcesBuildPhase;
			buildActionMask = 2147483647;
			files = (
				DEABB9A827DEB57000C8A053 /* Assets.xcassets in Resources */,
				DE2C1A1128F97A1200202F48 /* lzssCompressed.txt in Resources */,
				DE2C1A1228F97A1200202F48 /* lz78Compressed.txt in Resources */,
				DE2C1A1328F97A1200202F48 /* 2e.txt in Resources */,
				DE2C1A1028F97A1200202F48 /* lz77Compressed.txt in Resources */,
				DEABB9AB27DEB57000C8A053 /* Main.storyboard in Resources */,
				DE2C1A0F28F97A1200202F48 /* original.txt in Resources */,
				DE2C1A0D28F97A1200202F48 /* text sample.txt in Resources */,
				DE2C1A0E28F97A1200202F48 /* text sample2.txt in Resources */,
			);
			runOnlyForDeploymentPostprocessing = 0;
		};
/* End PBXResourcesBuildPhase section */

/* Begin PBXSourcesBuildPhase section */
		DEABB99C27DEB56F00C8A053 /* Sources */ = {
			isa = PBXSourcesBuildPhase;
			buildActionMask = 2147483647;
			files = (
				DE08D53C27F0D1CC00F1E012 /* LZ77.swift in Sources */,
				DEABB9A627DEB56F00C8A053 /* ViewController.swift in Sources */,
				DE8397DD27EDF2550064E2DF /* Convert.swift in Sources */,
				DE78F37727F7D637008569BF /* LZSS.swift in Sources */,
				DE8397DB27EDF0E60064E2DF /* LZ78.swift in Sources */,
				DEABB9A427DEB56F00C8A053 /* AppDelegate.swift in Sources */,
			);
			runOnlyForDeploymentPostprocessing = 0;
		};
/* End PBXSourcesBuildPhase section */

/* Begin PBXVariantGroup section */
		DEABB9A927DEB57000C8A053 /* Main.storyboard */ = {
			isa = PBXVariantGroup;
			children = (
				DEABB9AA27DEB57000C8A053 /* Base */,
			);
			name = Main.storyboard;
			sourceTree = "<group>";
		};
/* End PBXVariantGroup section */

/* Begin XCBuildConfiguration section */
		DEABB9AD27DEB57000C8A053 /* Debug */ = {
			isa = XCBuildConfiguration;
			buildSettings = {
				ALWAYS_SEARCH_USER_PATHS = NO;
				CLANG_ANALYZER_NONNULL = YES;
				CLANG_ANALYZER_NUMBER_OBJECT_CONVERSION = YES_AGGRESSIVE;
				CLANG_CXX_LANGUAGE_STANDARD = "gnu++17";
				CLANG_CXX_LIBRARY = "libc++";
				CLANG_ENABLE_MODULES = YES;
				CLANG_ENABLE_OBJC_ARC = YES;
				CLANG_ENABLE_OBJC_WEAK = YES;
				CLANG_WARN_BLOCK_CAPTURE_AUTORELEASING = YES;
				CLANG_WARN_BOOL_CONVERSION = YES;
				CLANG_WARN_COMMA = YES;
				CLANG_WARN_CONSTANT_CONVERSION = YES;
				CLANG_WARN_DEPRECATED_OBJC_IMPLEMENTATIONS = YES;
				CLANG_WARN_DIRECT_OBJC_ISA_USAGE = YES_ERROR;
				CLANG_WARN_DOCUMENTATION_COMMENTS = YES;
				CLANG_WARN_EMPTY_BODY = YES;
				CLANG_WARN_ENUM_CONVERSION = YES;
				CLANG_WARN_INFINITE_RECURSION = YES;
				CLANG_WARN_INT_CONVERSION = YES;
				CLANG_WARN_NON_LITERAL_NULL_CONVERSION = YES;
				CLANG_WARN_OBJC_IMPLICIT_RETAIN_SELF = YES;
				CLANG_WARN_OBJC_LITERAL_CONVERSION = YES;
				CLANG_WARN_OBJC_ROOT_CLASS = YES_ERROR;
				CLANG_WARN_QUOTED_INCLUDE_IN_FRAMEWORK_HEADER = YES;
				CLANG_WARN_RANGE_LOOP_ANALYSIS = YES;
				CLANG_WARN_STRICT_PROTOTYPES = YES;
				CLANG_WARN_SUSPICIOUS_MOVE = YES;
				CLANG_WARN_UNGUARDED_AVAILABILITY = YES_AGGRESSIVE;
				CLANG_WARN_UNREACHABLE_CODE = YES;
				CLANG_WARN__DUPLICATE_METHOD_MATCH = YES;
				COPY_PHASE_STRIP = NO;
				DEBUG_INFORMATION_FORMAT = dwarf;
				ENABLE_STRICT_OBJC_MSGSEND = YES;
				ENABLE_TESTABILITY = YES;
				GCC_C_LANGUAGE_STANDARD = gnu11;
				GCC_DYNAMIC_NO_PIC = NO;
				GCC_NO_COMMON_BLOCKS = YES;
				GCC_OPTIMIZATION_LEVEL = 0;
				GCC_PREPROCESSOR_DEFINITIONS = (
					"DEBUG=1",
					"$(inherited)",
				);
				GCC_WARN_64_TO_32_BIT_CONVERSION = YES;
				GCC_WARN_ABOUT_RETURN_TYPE = YES_ERROR;
				GCC_WARN_UNDECLARED_SELECTOR = YES;
				GCC_WARN_UNINITIALIZED_AUTOS = YES_AGGRESSIVE;
				GCC_WARN_UNUSED_FUNCTION = YES;
				GCC_WARN_UNUSED_VARIABLE = YES;
				MACOSX_DEPLOYMENT_TARGET = 12.1;
				MTL_ENABLE_DEBUG_INFO = INCLUDE_SOURCE;
				MTL_FAST_MATH = YES;
				ONLY_ACTIVE_ARCH = YES;
				SDKROOT = macosx;
				SWIFT_ACTIVE_COMPILATION_CONDITIONS = DEBUG;
				SWIFT_OPTIMIZATION_LEVEL = "-Onone";
			};
			name = Debug;
		};
		DEABB9AE27DEB57000C8A053 /* Release */ = {
			isa = XCBuildConfiguration;
			buildSettings = {
				ALWAYS_SEARCH_USER_PATHS = NO;
				CLANG_ANALYZER_NONNULL = YES;
				CLANG_ANALYZER_NUMBER_OBJECT_CONVERSION = YES_AGGRESSIVE;
				CLANG_CXX_LANGUAGE_STANDARD = "gnu++17";
				CLANG_CXX_LIBRARY = "libc++";
				CLANG_ENABLE_MODULES = YES;
				CLANG_ENABLE_OBJC_ARC = YES;
				CLANG_ENABLE_OBJC_WEAK = YES;
				CLANG_WARN_BLOCK_CAPTURE_AUTORELEASING = YES;
				CLANG_WARN_BOOL_CONVERSION = YES;
				CLANG_WARN_COMMA = YES;
				CLANG_WARN_CONSTANT_CONVERSION = YES;
				CLANG_WARN_DEPRECATED_OBJC_IMPLEMENTATIONS = YES;
				CLANG_WARN_DIRECT_OBJC_ISA_USAGE = YES_ERROR;
				CLANG_WARN_DOCUMENTATION_COMMENTS = YES;
				CLANG_WARN_EMPTY_BODY = YES;
				CLANG_WARN_ENUM_CONVERSION = YES;
				CLANG_WARN_INFINITE_RECURSION = YES;
				CLANG_WARN_INT_CONVERSION = YES;
				CLANG_WARN_NON_LITERAL_NULL_CONVERSION = YES;
				CLANG_WARN_OBJC_IMPLICIT_RETAIN_SELF = YES;
				CLANG_WARN_OBJC_LITERAL_CONVERSION = YES;
				CLANG_WARN_OBJC_ROOT_CLASS = YES_ERROR;
				CLANG_WARN_QUOTED_INCLUDE_IN_FRAMEWORK_HEADER = YES;
				CLANG_WARN_RANGE_LOOP_ANALYSIS = YES;
				CLANG_WARN_STRICT_PROTOTYPES = YES;
				CLANG_WARN_SUSPICIOUS_MOVE = YES;
				CLANG_WARN_UNGUARDED_AVAILABILITY = YES_AGGRESSIVE;
				CLANG_WARN_UNREACHABLE_CODE = YES;
				CLANG_WARN__DUPLICATE_METHOD_MATCH = YES;
				COPY_PHASE_STRIP = NO;
				DEBUG_INFORMATION_FORMAT = "dwarf-with-dsym";
				ENABLE_NS_ASSERTIONS = NO;
				ENABLE_STRICT_OBJC_MSGSEND = YES;
				GCC_C_LANGUAGE_STANDARD = gnu11;
				GCC_NO_COMMON_BLOCKS = YES;
				GCC_WARN_64_TO_32_BIT_CONVERSION = YES;
				GCC_WARN_ABOUT_RETURN_TYPE = YES_ERROR;
				GCC_WARN_UNDECLARED_SELECTOR = YES;
				GCC_WARN_UNINITIALIZED_AUTOS = YES_AGGRESSIVE;
				GCC_WARN_UNUSED_FUNCTION = YES;
				GCC_WARN_UNUSED_VARIABLE = YES;
				MACOSX_DEPLOYMENT_TARGET = 12.1;
				MTL_ENABLE_DEBUG_INFO = NO;
				MTL_FAST_MATH = YES;
				SDKROOT = macosx;
				SWIFT_COMPILATION_MODE = wholemodule;
				SWIFT_OPTIMIZATION_LEVEL = "-O";
			};
			name = Release;
		};
		DEABB9B027DEB57000C8A053 /* Debug */ = {
			isa = XCBuildConfiguration;
			buildSettings = {
				ASSETCATALOG_COMPILER_APPICON_NAME = AppIcon;
				ASSETCATALOG_COMPILER_GLOBAL_ACCENT_COLOR_NAME = AccentColor;
				CODE_SIGN_ENTITLEMENTS = LR1/LR1.entitlements;
				CODE_SIGN_IDENTITY = "-";
				CODE_SIGN_STYLE = Automatic;
				COMBINE_HIDPI_IMAGES = YES;
				CURRENT_PROJECT_VERSION = 1;
				GENERATE_INFOPLIST_FILE = YES;
				INFOPLIST_KEY_NSHumanReadableCopyright = "";
				INFOPLIST_KEY_NSMainStoryboardFile = Main;
				INFOPLIST_KEY_NSPrincipalClass = NSApplication;
				LD_RUNPATH_SEARCH_PATHS = (
					"$(inherited)",
					"@executable_path/../Frameworks",
				);
				MARKETING_VERSION = 1.0;
				PRODUCT_BUNDLE_IDENTIFIER = "-.LR1";
				PRODUCT_NAME = "$(TARGET_NAME)";
				SWIFT_EMIT_LOC_STRINGS = YES;
				SWIFT_VERSION = 5.0;
			};
			name = Debug;
		};
		DEABB9B127DEB57000C8A053 /* Release */ = {
			isa = XCBuildConfiguration;
			buildSettings = {
				ASSETCATALOG_COMPILER_APPICON_NAME = AppIcon;
				ASSETCATALOG_COMPILER_GLOBAL_ACCENT_COLOR_NAME = AccentColor;
				CODE_SIGN_ENTITLEMENTS = LR1/LR1.entitlements;
				CODE_SIGN_IDENTITY = "-";
				CODE_SIGN_STYLE = Automatic;
				COMBINE_HIDPI_IMAGES = YES;
				CURRENT_PROJECT_VERSION = 1;
				GENERATE_INFOPLIST_FILE = YES;
				INFOPLIST_KEY_NSHumanReadableCopyright = "";
				INFOPLIST_KEY_NSMainStoryboardFile = Main;
				INFOPLIST_KEY_NSPrincipalClass = NSApplication;
				LD_RUNPATH_SEARCH_PATHS = (
					"$(inherited)",
					"@executable_path/../Frameworks",
				);
				MARKETING_VERSION = 1.0;
				PRODUCT_BUNDLE_IDENTIFIER = "-.LR1";
				PRODUCT_NAME = "$(TARGET_NAME)";
				SWIFT_EMIT_LOC_STRINGS = YES;
				SWIFT_VERSION = 5.0;
			};
			name = Release;
		};
/* End XCBuildConfiguration section */

/* Begin XCConfigurationList section */
		DEABB99B27DEB56F00C8A053 /* Build configuration list for PBXProject "LR1" */ = {
			isa = XCConfigurationList;
			buildConfigurations = (
				DEABB9AD27DEB57000C8A053 /* Debug */,
				DEABB9AE27DEB57000C8A053 /* Release */,
			);
			defaultConfigurationIsVisible = 0;
			defaultConfigurationName = Release;
		};
		DEABB9AF27DEB57000C8A053 /* Build configuration list for PBXNativeTarget "LR1" */ = {
			isa = XCConfigurationList;
			buildConfigurations = (
				DEABB9B027DEB57000C8A053 /* Debug */,
				DEABB9B127DEB57000C8A053 /* Release */,
			);
			defaultConfigurationIsVisible = 0;
			defaultConfigurationName = Release;
		};
/* End XCConfigurationList section */
	};
	rootObject = DEABB99827DEB56F00C8A053 /* Project object */;
}
